lock_version: 1
engine:
  distribution: orinoco-lite
  version: 0.1.12
  url: https://github.com/con/orinoco-lite-dev/releases/download/v0.1.12/orinoco_lite-0.1.12-py3-none-any.whl
  sha256: 7bcba4c4124873d5a985233c4fef84aa3cd3902dfa401bbdfefb951785c36173
runtime:
  version: 0.1.12
  url: https://github.com/con/orinoco-lite-dev/releases/download/v0.1.12/orinoco-runtime-0.1.12.tar.gz
  sha256: 0d43cf6b3db4c324777a373c7d2178ab8dcdaf224795f19b4ce2c16e8f114a5a
  manifest_sha256: 4751bab7bfe5fa65bdc95499aff05a77b48de2f7f194270293865d6f25ab200f
template:
  source: gh:con/orinoco-lite-template
  version: v0.1.13
workflow:
  repository: con/orinoco-lite-dev
  sha: 424301a8bd5da46207cd5fcb42ebc926400624f2
  ref: con/orinoco-lite-dev/.github/workflows/orinoco-consumer-ci.yml@424301a8bd5da46207cd5fcb42ebc926400624f2
