lock_version: 1
engine:
  distribution: orinoco-lite
  version: 0.1.9
  url: https://github.com/con/orinoco-lite-dev/releases/download/v0.1.9/orinoco_lite-0.1.9-py3-none-any.whl
  sha256: c247cb8f63891724d63e86486941d4958517d96e44f01e72999b84c86b6359de
runtime:
  version: 0.1.9
  url: https://github.com/con/orinoco-lite-dev/releases/download/v0.1.9/orinoco-runtime-0.1.9.tar.gz
  sha256: 7850eb9af3205034fcb97c5034ec0a3811df7d174332c7563d011bb0b5bcbba0
  manifest_sha256: afef6b7d5a61131cbdb6db6a136e6f381bdf8eb9caf1a641a35df3ef94da07bc
template:
  source: gh:con/orinoco-lite-template
  version: v0.1.7
workflow:
  repository: con/orinoco-lite-dev
  sha: 0a0b0891e4e7ae3648d4e9d7d6e7e988194600aa
  ref: con/orinoco-lite-dev/.github/workflows/orinoco-consumer-ci.yml@0a0b0891e4e7ae3648d4e9d7d6e7e988194600aa
